
Microsoft Visual Studio Solution File, Format Version 12.00
# Visual Studio Version 16
VisualStudioVersion = 16.0.31112.23
MinimumVisualStudioVersion = 10.0.40219.1
Project("{FAE04EC0-301F-11D3-BF4B-00C04F79EFBC}") = "CompareTables", "CompareTables\CompareTables.csproj", "{80E54D70-F276-4848-AC9C-04CE6D3924DF}"
EndProject
Global
	GlobalSection(SolutionConfigurationPlatforms) = preSolution
		Debug|Any CPU = Debug|Any CPU
		Release|Any CPU = Release|Any CPU
	EndGlobalSection
	GlobalSection(ProjectConfigurationPlatforms) = postSolution
		{80E54D70-F276-4848-AC9C-04CE6D3924DF}.Debug|Any CPU.ActiveCfg = Debug|Any CPU
		{80E54D70-F276-4848-AC9C-04CE6D3924DF}.Debug|Any CPU.Build.0 = Debug|Any CPU
		{80E54D70-F276-4848-AC9C-04CE6D3924DF}.Release|Any CPU.ActiveCfg = Release|Any CPU
		{80E54D70-F276-4848-AC9C-04CE6D3924DF}.Release|Any CPU.Build.0 = Release|Any CPU
	EndGlobalSection
	GlobalSection(SolutionProperties) = preSolution
		HideSolutionNode = FALSE
	EndGlobalSection
	GlobalSection(ExtensibilityGlobals) = postSolution
		SolutionGuid = {B33F6381-61D0-4A33-8C77-235C66E5AA82}
	EndGlobalSection
EndGlobal
